
Microsoft Visual Studio Solution File, Format Version 12.00
# Visual Studio Version 16
VisualStudioVersion = 16.0.29728.190
MinimumVisualStudioVersion = 10.0.40219.1
Project("{FAE04EC0-301F-11D3-BF4B-00C04F79EFBC}") = "StringsAndCharacters", "StringsAndCharacters\StringsAndCharacters.csproj", "{097B566E-3B4A-485C-A180-3A711BB6F607}"
EndProject
Global
	GlobalSection(SolutionConfigurationPlatforms) = preSolution
		Debug|Any CPU = Debug|Any CPU
		Release|Any CPU = Release|Any CPU
	EndGlobalSection
	GlobalSection(ProjectConfigurationPlatforms) = postSolution
		{097B566E-3B4A-485C-A180-3A711BB6F607}.Debug|Any CPU.ActiveCfg = Debug|Any CPU
		{097B566E-3B4A-485C-A180-3A711BB6F607}.Debug|Any CPU.Build.0 = Debug|Any CPU
		{097B566E-3B4A-485C-A180-3A711BB6F607}.Release|Any CPU.ActiveCfg = Release|Any CPU
		{097B566E-3B4A-485C-A180-3A711BB6F607}.Release|Any CPU.Build.0 = Release|Any CPU
	EndGlobalSection
	GlobalSection(SolutionProperties) = preSolution
		HideSolutionNode = FALSE
	EndGlobalSection
	GlobalSection(ExtensibilityGlobals) = postSolution
		SolutionGuid = {FB8ACE2E-85DF-4101-8590-24594F7ADF6F}
	EndGlobalSection
EndGlobal
